
Microsoft Visual Studio Solution File, Format Version 12.00
Project("{FAE04EC0-301F-11D3-BF4B-00C04F79EFBC}") = "Cyan.Logs.Server", "Cyan.Logs.Server\Cyan.Logs.Server.csproj", "{208E9AB3-E199-4567-9E86-E09598A7303B}"
EndProject
Global
	GlobalSection(SolutionConfigurationPlatforms) = preSolution
		Debug|Any CPU = Debug|Any CPU
		Release|Any CPU = Release|Any CPU
	EndGlobalSection
	GlobalSection(ProjectConfigurationPlatforms) = postSolution
		{208E9AB3-E199-4567-9E86-E09598A7303B}.Debug|Any CPU.ActiveCfg = Debug|Any CPU
		{208E9AB3-E199-4567-9E86-E09598A7303B}.Debug|Any CPU.Build.0 = Debug|Any CPU
		{208E9AB3-E199-4567-9E86-E09598A7303B}.Release|Any CPU.ActiveCfg = Release|Any CPU
		{208E9AB3-E199-4567-9E86-E09598A7303B}.Release|Any CPU.Build.0 = Release|Any CPU
	EndGlobalSection
EndGlobal
